// !$*UTF8*$!
{
	archiveVersion = 1;
	classes = {
	};
	objectVersion = 77;
	objects = {

/* Begin PBXContainerItemProxy section */
		9718B0412CC53CAB0017BD4E /* PBXContainerItemProxy */ = {
			isa = PBXContainerItemProxy;
			containerPortal = 9718B0232CC53CA80017BD4E /* Project object */;
			proxyType = 1;
			remoteGlobalIDString = 9718B02A2CC53CA80017BD4E;
			remoteInfo = TradingAppV4;
		};
		9718B04B2CC53CAB0017BD4E /* PBXContainerItemProxy */ = {
			isa = PBXContainerItemProxy;
			containerPortal = 9718B0232CC53CA80017BD4E /* Project object */;
			proxyType = 1;
			remoteGlobalIDString = 9718B02A2CC53CA80017BD4E;
			remoteInfo = TradingAppV4;
		};
/* End PBXContainerItemProxy section */

/* Begin PBXFileReference section */
		9718B02B2CC53CA80017BD4E /* TradingAppV4.app */ = {isa = PBXFileReference; explicitFileType = wrapper.application; includeInIndex = 0; path = TradingAppV4.app; sourceTree = BUILT_PRODUCTS_DIR; };
		9718B0402CC53CAB0017BD4E /* TradingAppV4Tests.xctest */ = {isa = PBXFileReference; explicitFileType = wrapper.cfbundle; includeInIndex = 0; path = TradingAppV4Tests.xctest; sourceTree = BUILT_PRODUCTS_DIR; };
		9718B04A2CC53CAB0017BD4E /* TradingAppV4UITests.xctest */ = {isa = PBXFileReference; explicitFileType = wrapper.cfbundle; includeInIndex = 0; path = TradingAppV4UITests.xctest; sourceTree = BUILT_PRODUCTS_DIR; };
/* End PBXFileReference section */

/* Begin PBXFileSystemSynchronizedRootGroup section */
		9718B02D2CC53CA80017BD4E /* TradingAppV4 */ = {
			isa = PBXFileSystemSynchronizedRootGroup;
			path = TradingAppV4;
			sourceTree = "<group>";
		};
		9718B0432CC53CAB0017BD4E /* TradingAppV4Tests */ = {
			isa = PBXFileSystemSynchronizedRootGroup;
			path = TradingAppV4Tests;
			sourceTree = "<group>";
		};
		9718B04D2CC53CAB0017BD4E /* TradingAppV4UITests */ = {
			isa = PBXFileSystemSynchronizedRootGroup;
			path = TradingAppV4UITests;
			sourceTree = "<group>";
		};
/* End PBXFileSystemSynchronizedRootGroup section */

/* Begin PBXFrameworksBuildPhase section */
		9718B0282CC53CA80017BD4E /* Frameworks */ = {
			isa = PBXFrameworksBuildPhase;
			buildActionMask = 2147483647;
			files = (
			);
			runOnlyForDeploymentPostprocessing = 0;
		};
		9718B03D2CC53CAB0017BD4E /* Frameworks */ = {
			isa = PBXFrameworksBuildPhase;
			buildActionMask = 2147483647;
			files = (
			);
			runOnlyForDeploymentPostprocessing = 0;
		};
		9718B0472CC53CAB0017BD4E /* Frameworks */ = {
			isa = PBXFrameworksBuildPhase;
			buildActionMask = 2147483647;
			files = (
			);
			runOnlyForDeploymentPostprocessing = 0;
		};
/* End PBXFrameworksBuildPhase section */

/* Begin PBXGroup section */
		9718B0222CC53CA80017BD4E = {
			isa = PBXGroup;
			children = (
				9718B02D2CC53CA80017BD4E /* TradingAppV4 */,
				9718B0432CC53CAB0017BD4E /* TradingAppV4Tests */,
				9718B04D2CC53CAB0017BD4E /* TradingAppV4UITests */,
				9718B02C2CC53CA80017BD4E /* Products */,
			);
			sourceTree = "<group>";
		};
		9718B02C2CC53CA80017BD4E /* Products */ = {
			isa = PBXGroup;
			children = (
				9718B02B2CC53CA80017BD4E /* TradingAppV4.app */,
				9718B0402CC53CAB0017BD4E /* TradingAppV4Tests.xctest */,
				9718B04A2CC53CAB0017BD4E /* TradingAppV4UITests.xctest */,
			);
			name = Products;
			sourceTree = "<group>";
		};
/* End PBXGroup section */

/* Begin PBXNativeTarget section */
		9718B02A2CC53CA80017BD4E /* TradingAppV4 */ = {
			isa = PBXNativeTarget;
			buildConfigurationList = 9718B0542CC53CAB0017BD4E /* Build configuration list for PBXNativeTarget "TradingAppV4" */;
			buildPhases = (
				9718B0272CC53CA80017BD4E /* Sources */,
				9718B0282CC53CA80017BD4E /* Frameworks */,
				9718B0292CC53CA80017BD4E /* Resources */,
			);
			buildRules = (
			);
			dependencies = (
			);
			fileSystemSynchronizedGroups = (
				9718B02D2CC53CA80017BD4E /* TradingAppV4 */,
			);
			name = TradingAppV4;
			packageProductDependencies = (
			);
			productName = TradingAppV4;
			productReference = 9718B02B2CC53CA80017BD4E /* TradingAppV4.app */;
			productType = "com.apple.product-type.application";
		};
		9718B03F2CC53CAB0017BD4E /* TradingAppV4Tests */ = {
			isa = PBXNativeTarget;
			buildConfigurationList = 9718B0572CC53CAB0017BD4E /* Build configuration list for PBXNativeTarget "TradingAppV4Tests" */;
			buildPhases = (
				9718B03C2CC53CAB0017BD4E /* Sources */,
				9718B03D2CC53CAB0017BD4E /* Frameworks */,
				9718B03E2CC53CAB0017BD4E /* Resources */,
			);
			buildRules = (
			);
			dependencies = (
				9718B0422CC53CAB0017BD4E /* PBXTargetDependency */,
			);
			fileSystemSynchronizedGroups = (
				9718B0432CC53CAB0017BD4E /* TradingAppV4Tests */,
			);
			name = TradingAppV4Tests;
			packageProductDependencies = (
			);
			productName = TradingAppV4Tests;
			productReference = 9718B0402CC53CAB0017BD4E /* TradingAppV4Tests.xctest */;
			productType = "com.apple.product-type.bundle.unit-test";
		};
		9718B0492CC53CAB0017BD4E /* TradingAppV4UITests */ = {
			isa = PBXNativeTarget;
			buildConfigurationList = 9718B05A2CC53CAB0017BD4E /* Build configuration list for PBXNativeTarget "TradingAppV4UITests" */;
			buildPhases = (
				9718B0462CC53CAB0017BD4E /* Sources */,
				9718B0472CC53CAB0017BD4E /* Frameworks */,
				9718B0482CC53CAB0017BD4E /* Resources */,
			);
			buildRules = (
			);
			dependencies = (
				9718B04C2CC53CAB0017BD4E /* PBXTargetDependency */,
			);
			fileSystemSynchronizedGroups = (
				9718B04D2CC53CAB0017BD4E /* TradingAppV4UITests */,
			);
			name = TradingAppV4UITests;
			packageProductDependencies = (
			);
			productName = TradingAppV4UITests;
			productReference = 9718B04A2CC53CAB0017BD4E /* TradingAppV4UITests.xctest */;
			productType = "com.apple.product-type.bundle.ui-testing";
		};
/* End PBXNativeTarget section */

/* Begin PBXProject section */
		9718B0232CC53CA80017BD4E /* Project object */ = {
			isa = PBXProject;
			attributes = {
				BuildIndependentTargetsInParallel = 1;
				LastSwiftUpdateCheck = 1600;
				LastUpgradeCheck = 1600;
				TargetAttributes = {
					9718B02A2CC53CA80017BD4E = {
						CreatedOnToolsVersion = 16.0;
					};
					9718B03F2CC53CAB0017BD4E = {
						CreatedOnToolsVersion = 16.0;
						TestTargetID = 9718B02A2CC53CA80017BD4E;
					};
					9718B0492CC53CAB0017BD4E = {
						CreatedOnToolsVersion = 16.0;
						TestTargetID = 9718B02A2CC53CA80017BD4E;
					};
				};
			};
			buildConfigurationList = 9718B0262CC53CA80017BD4E /* Build configuration list for PBXProject "TradingAppV4" */;
			developmentRegion = en;
			hasScannedForEncodings = 0;
			knownRegions = (
				en,
				Base,
			);
			mainGroup = 9718B0222CC53CA80017BD4E;
			minimizedProjectReferenceProxies = 1;
			preferredProjectObjectVersion = 77;
			productRefGroup = 9718B02C2CC53CA80017BD4E /* Products */;
			projectDirPath = "";
			projectRoot = "";
			targets = (
				9718B02A2CC53CA80017BD4E /* TradingAppV4 */,
				9718B03F2CC53CAB0017BD4E /* TradingAppV4Tests */,
				9718B0492CC53CAB0017BD4E /* TradingAppV4UITests */,
			);
		};
/* End PBXProject section */

/* Begin PBXResourcesBuildPhase section */
		9718B0292CC53CA80017BD4E /* Resources */ = {
			isa = PBXResourcesBuildPhase;
			buildActionMask = 2147483647;
			files = (
			);
			runOnlyForDeploymentPostprocessing = 0;
		};
		9718B03E2CC53CAB0017BD4E /* Resources */ = {
			isa = PBXResourcesBuildPhase;
			buildActionMask = 2147483647;
			files = (
			);
			runOnlyForDeploymentPostprocessing = 0;
		};
		9718B0482CC53CAB0017BD4E /* Resources */ = {
			isa = PBXResourcesBuildPhase;
			buildActionMask = 2147483647;
			files = (
			);
			runOnlyForDeploymentPostprocessing = 0;
		};
/* End PBXResourcesBuildPhase section */

/* Begin PBXSourcesBuildPhase section */
		9718B0272CC53CA80017BD4E /* Sources */ = {
			isa = PBXSourcesBuildPhase;
			buildActionMask = 2147483647;
			files = (
			);
			runOnlyForDeploymentPostprocessing = 0;
		};
		9718B03C2CC53CAB0017BD4E /* Sources */ = {
			isa = PBXSourcesBuildPhase;
			buildActionMask = 2147483647;
			files = (
			);
			runOnlyForDeploymentPostprocessing = 0;
		};
		9718B0462CC53CAB0017BD4E /* Sources */ = {
			isa = PBXSourcesBuildPhase;
			buildActionMask = 2147483647;
			files = (
			);
			runOnlyForDeploymentPostprocessing = 0;
		};
/* End PBXSourcesBuildPhase section */

/* Begin PBXTargetDependency section */
		9718B0422CC53CAB0017BD4E /* PBXTargetDependency */ = {
			isa = PBXTargetDependency;
			target = 9718B02A2CC53CA80017BD4E /* TradingAppV4 */;
			targetProxy = 9718B0412CC53CAB0017BD4E /* PBXContainerItemProxy */;
		};
		9718B04C2CC53CAB0017BD4E /* PBXTargetDependency */ = {
			isa = PBXTargetDependency;
			target = 9718B02A2CC53CA80017BD4E /* TradingAppV4 */;
			targetProxy = 9718B04B2CC53CAB0017BD4E /* PBXContainerItemProxy */;
		};
/* End PBXTargetDependency section */

/* Begin XCBuildConfiguration section */
		9718B0522CC53CAB0017BD4E /* Debug */ = {
			isa = XCBuildConfiguration;
			buildSettings = {
				ALWAYS_SEARCH_USER_PATHS = NO;
				ASSETCATALOG_COMPILER_GENERATE_SWIFT_ASSET_SYMBOL_EXTENSIONS = YES;
				CLANG_ANALYZER_NONNULL = YES;
				CLANG_ANALYZER_NUMBER_OBJECT_CONVERSION = YES_AGGRESSIVE;
				CLANG_CXX_LANGUAGE_STANDARD = "gnu++20";
				CLANG_ENABLE_MODULES = YES;
				CLANG_ENABLE_OBJC_ARC = YES;
				CLANG_ENABLE_OBJC_WEAK = YES;
				CLANG_WARN_BLOCK_CAPTURE_AUTORELEASING = YES;
				CLANG_WARN_BOOL_CONVERSION = YES;
				CLANG_WARN_COMMA = YES;
				CLANG_WARN_CONSTANT_CONVERSION = YES;
				CLANG_WARN_DEPRECATED_OBJC_IMPLEMENTATIONS = YES;
				CLANG_WARN_DIRECT_OBJC_ISA_USAGE = YES_ERROR;
				CLANG_WARN_DOCUMENTATION_COMMENTS = YES;
				CLANG_WARN_EMPTY_BODY = YES;
				CLANG_WARN_ENUM_CONVERSION = YES;
				CLANG_WARN_INFINITE_RECURSION = YES;
				CLANG_WARN_INT_CONVERSION = YES;
				CLANG_WARN_NON_LITERAL_NULL_CONVERSION = YES;
				CLANG_WARN_OBJC_IMPLICIT_RETAIN_SELF = YES;
				CLANG_WARN_OBJC_LITERAL_CONVERSION = YES;
				CLANG_WARN_OBJC_ROOT_CLASS = YES_ERROR;
				CLANG_WARN_QUOTED_INCLUDE_IN_FRAMEWORK_HEADER = YES;
				CLANG_WARN_RANGE_LOOP_ANALYSIS = YES;
				CLANG_WARN_STRICT_PROTOTYPES = YES;
				CLANG_WARN_SUSPICIOUS_MOVE = YES;
				CLANG_WARN_UNGUARDED_AVAILABILITY = YES_AGGRESSIVE;
				CLANG_WARN_UNREACHABLE_CODE = YES;
				CLANG_WARN__DUPLICATE_METHOD_MATCH = YES;
				COPY_PHASE_STRIP = NO;
				DEBUG_INFORMATION_FORMAT = dwarf;
				ENABLE_STRICT_OBJC_MSGSEND = YES;
				ENABLE_TESTABILITY = YES;
				ENABLE_USER_SCRIPT_SANDBOXING = YES;
				GCC_C_LANGUAGE_STANDARD = gnu17;
				GCC_DYNAMIC_NO_PIC = NO;
				GCC_NO_COMMON_BLOCKS = YES;
				GCC_OPTIMIZATION_LEVEL = 0;
				GCC_PREPROCESSOR_DEFINITIONS = (
					"DEBUG=1",
					"$(inherited)",
				);
				GCC_WARN_64_TO_32_BIT_CONVERSION = YES;
				GCC_WARN_ABOUT_RETURN_TYPE = YES_ERROR;
				GCC_WARN_UNDECLARED_SELECTOR = YES;
				GCC_WARN_UNINITIALIZED_AUTOS = YES_AGGRESSIVE;
				GCC_WARN_UNUSED_FUNCTION = YES;
				GCC_WARN_UNUSED_VARIABLE = YES;
				IPHONEOS_DEPLOYMENT_TARGET = 18.0;
				LOCALIZATION_PREFERS_STRING_CATALOGS = YES;
				MTL_ENABLE_DEBUG_INFO = INCLUDE_SOURCE;
				MTL_FAST_MATH = YES;
				ONLY_ACTIVE_ARCH = YES;
				SDKROOT = iphoneos;
				SWIFT_ACTIVE_COMPILATION_CONDITIONS = "DEBUG $(inherited)";
				SWIFT_OPTIMIZATION_LEVEL = "-Onone";
			};
			name = Debug;
		};
		9718B0532CC53CAB0017BD4E /* Release */ = {
			isa = XCBuildConfiguration;
			buildSettings = {
				ALWAYS_SEARCH_USER_PATHS = NO;
				ASSETCATALOG_COMPILER_GENERATE_SWIFT_ASSET_SYMBOL_EXTENSIONS = YES;
				CLANG_ANALYZER_NONNULL = YES;
				CLANG_ANALYZER_NUMBER_OBJECT_CONVERSION = YES_AGGRESSIVE;
				CLANG_CXX_LANGUAGE_STANDARD = "gnu++20";
				CLANG_ENABLE_MODULES = YES;
				CLANG_ENABLE_OBJC_ARC = YES;
				CLANG_ENABLE_OBJC_WEAK = YES;
				CLANG_WARN_BLOCK_CAPTURE_AUTORELEASING = YES;
				CLANG_WARN_BOOL_CONVERSION = YES;
				CLANG_WARN_COMMA = YES;
				CLANG_WARN_CONSTANT_CONVERSION = YES;
				CLANG_WARN_DEPRECATED_OBJC_IMPLEMENTATIONS = YES;
				CLANG_WARN_DIRECT_OBJC_ISA_USAGE = YES_ERROR;
				CLANG_WARN_DOCUMENTATION_COMMENTS = YES;
				CLANG_WARN_EMPTY_BODY = YES;
				CLANG_WARN_ENUM_CONVERSION = YES;
				CLANG_WARN_INFINITE_RECURSION = YES;
				CLANG_WARN_INT_CONVERSION = YES;
				CLANG_WARN_NON_LITERAL_NULL_CONVERSION = YES;
				CLANG_WARN_OBJC_IMPLICIT_RETAIN_SELF = YES;
				CLANG_WARN_OBJC_LITERAL_CONVERSION = YES;
				CLANG_WARN_OBJC_ROOT_CLASS = YES_ERROR;
				CLANG_WARN_QUOTED_INCLUDE_IN_FRAMEWORK_HEADER = YES;
				CLANG_WARN_RANGE_LOOP_ANALYSIS = YES;
				CLANG_WARN_STRICT_PROTOTYPES = YES;
				CLANG_WARN_SUSPICIOUS_MOVE = YES;
				CLANG_WARN_UNGUARDED_AVAILABILITY = YES_AGGRESSIVE;
				CLANG_WARN_UNREACHABLE_CODE = YES;
				CLANG_WARN__DUPLICATE_METHOD_MATCH = YES;
				COPY_PHASE_STRIP = NO;
				DEBUG_INFORMATION_FORMAT = "dwarf-with-dsym";
				ENABLE_NS_ASSERTIONS = NO;
				ENABLE_STRICT_OBJC_MSGSEND = YES;
				ENABLE_USER_SCRIPT_SANDBOXING = YES;
				GCC_C_LANGUAGE_STANDARD = gnu17;
				GCC_NO_COMMON_BLOCKS = YES;
				GCC_WARN_64_TO_32_BIT_CONVERSION = YES;
				GCC_WARN_ABOUT_RETURN_TYPE = YES_ERROR;
				GCC_WARN_UNDECLARED_SELECTOR = YES;
				GCC_WARN_UNINITIALIZED_AUTOS = YES_AGGRESSIVE;
				GCC_WARN_UNUSED_FUNCTION = YES;
				GCC_WARN_UNUSED_VARIABLE = YES;
				IPHONEOS_DEPLOYMENT_TARGET = 18.0;
				LOCALIZATION_PREFERS_STRING_CATALOGS = YES;
				MTL_ENABLE_DEBUG_INFO = NO;
				MTL_FAST_MATH = YES;
				SDKROOT = iphoneos;
				SWIFT_COMPILATION_MODE = wholemodule;
				VALIDATE_PRODUCT = YES;
			};
			name = Release;
		};
		9718B0552CC53CAB0017BD4E /* Debug */ = {
			isa = XCBuildConfiguration;
			buildSettings = {
				ASSETCATALOG_COMPILER_APPICON_NAME = AppIcon;
				ASSETCATALOG_COMPILER_GLOBAL_ACCENT_COLOR_NAME = AccentColor;
				CODE_SIGN_STYLE = Automatic;
				CURRENT_PROJECT_VERSION = 1;
				DEVELOPMENT_ASSET_PATHS = "\"TradingAppV4/Preview Content\"";
				DEVELOPMENT_TEAM = NMFJHYS23S;
				ENABLE_PREVIEWS = YES;
				GENERATE_INFOPLIST_FILE = YES;
				INFOPLIST_KEY_UIApplicationSceneManifest_Generation = YES;
				INFOPLIST_KEY_UIApplicationSupportsIndirectInputEvents = YES;
				INFOPLIST_KEY_UILaunchScreen_Generation = YES;
				INFOPLIST_KEY_UISupportedInterfaceOrientations_iPad = "UIInterfaceOrientationPortrait UIInterfaceOrientationPortraitUpsideDown UIInterfaceOrientationLandscapeLeft UIInterfaceOrientationLandscapeRight";
				INFOPLIST_KEY_UISupportedInterfaceOrientations_iPhone = "UIInterfaceOrientationPortrait UIInterfaceOrientationLandscapeLeft UIInterfaceOrientationLandscapeRight";
				LD_RUNPATH_SEARCH_PATHS = (
					"$(inherited)",
					"@executable_path/Frameworks",
				);
				MARKETING_VERSION = 1.0;
				PRODUCT_BUNDLE_IDENTIFIER = Allun.TradingAppV4;
				PRODUCT_NAME = "$(TARGET_NAME)";
				SWIFT_EMIT_LOC_STRINGS = YES;
				SWIFT_VERSION = 5.0;
				TARGETED_DEVICE_FAMILY = "1,2";
			};
			name = Debug;
		};
		9718B0562CC53CAB0017BD4E /* Release */ = {
			isa = XCBuildConfiguration;
			buildSettings = {
				ASSETCATALOG_COMPILER_APPICON_NAME = AppIcon;
				ASSETCATALOG_COMPILER_GLOBAL_ACCENT_COLOR_NAME = AccentColor;
				CODE_SIGN_STYLE = Automatic;
				CURRENT_PROJECT_VERSION = 1;
				DEVELOPMENT_ASSET_PATHS = "\"TradingAppV4/Preview Content\"";
				DEVELOPMENT_TEAM = NMFJHYS23S;
				ENABLE_PREVIEWS = YES;
				GENERATE_INFOPLIST_FILE = YES;
				INFOPLIST_KEY_UIApplicationSceneManifest_Generation = YES;
				INFOPLIST_KEY_UIApplicationSupportsIndirectInputEvents = YES;
				INFOPLIST_KEY_UILaunchScreen_Generation = YES;
				INFOPLIST_KEY_UISupportedInterfaceOrientations_iPad = "UIInterfaceOrientationPortrait UIInterfaceOrientationPortraitUpsideDown UIInterfaceOrientationLandscapeLeft UIInterfaceOrientationLandscapeRight";
				INFOPLIST_KEY_UISupportedInterfaceOrientations_iPhone = "UIInterfaceOrientationPortrait UIInterfaceOrientationLandscapeLeft UIInterfaceOrientationLandscapeRight";
				LD_RUNPATH_SEARCH_PATHS = (
					"$(inherited)",
					"@executable_path/Frameworks",
				);
				MARKETING_VERSION = 1.0;
				PRODUCT_BUNDLE_IDENTIFIER = Allun.TradingAppV4;
				PRODUCT_NAME = "$(TARGET_NAME)";
				SWIFT_EMIT_LOC_STRINGS = YES;
				SWIFT_VERSION = 5.0;
				TARGETED_DEVICE_FAMILY = "1,2";
			};
			name = Release;
		};
		9718B0582CC53CAB0017BD4E /* Debug */ = {
			isa = XCBuildConfiguration;
			buildSettings = {
				BUNDLE_LOADER = "$(TEST_HOST)";
				CODE_SIGN_STYLE = Automatic;
				CURRENT_PROJECT_VERSION = 1;
				DEVELOPMENT_TEAM = NMFJHYS23S;
				GENERATE_INFOPLIST_FILE = YES;
				IPHONEOS_DEPLOYMENT_TARGET = 18.0;
				MARKETING_VERSION = 1.0;
				PRODUCT_BUNDLE_IDENTIFIER = Allun.TradingAppV4Tests;
				PRODUCT_NAME = "$(TARGET_NAME)";
				SWIFT_EMIT_LOC_STRINGS = NO;
				SWIFT_VERSION = 5.0;
				TARGETED_DEVICE_FAMILY = "1,2";
				TEST_HOST = "$(BUILT_PRODUCTS_DIR)/TradingAppV4.app/$(BUNDLE_EXECUTABLE_FOLDER_PATH)/TradingAppV4";
			};
			name = Debug;
		};
		9718B0592CC53CAB0017BD4E /* Release */ = {
			isa = XCBuildConfiguration;
			buildSettings = {
				BUNDLE_LOADER = "$(TEST_HOST)";
				CODE_SIGN_STYLE = Automatic;
				CURRENT_PROJECT_VERSION = 1;
				DEVELOPMENT_TEAM = NMFJHYS23S;
				GENERATE_INFOPLIST_FILE = YES;
				IPHONEOS_DEPLOYMENT_TARGET = 18.0;
				MARKETING_VERSION = 1.0;
				PRODUCT_BUNDLE_IDENTIFIER = Allun.TradingAppV4Tests;
				PRODUCT_NAME = "$(TARGET_NAME)";
				SWIFT_EMIT_LOC_STRINGS = NO;
				SWIFT_VERSION = 5.0;
				TARGETED_DEVICE_FAMILY = "1,2";
				TEST_HOST = "$(BUILT_PRODUCTS_DIR)/TradingAppV4.app/$(BUNDLE_EXECUTABLE_FOLDER_PATH)/TradingAppV4";
			};
			name = Release;
		};
		9718B05B2CC53CAB0017BD4E /* Debug */ = {
			isa = XCBuildConfiguration;
			buildSettings = {
				CODE_SIGN_STYLE = Automatic;
				CURRENT_PROJECT_VERSION = 1;
				DEVELOPMENT_TEAM = NMFJHYS23S;
				GENERATE_INFOPLIST_FILE = YES;
				MARKETING_VERSION = 1.0;
				PRODUCT_BUNDLE_IDENTIFIER = Allun.TradingAppV4UITests;
				PRODUCT_NAME = "$(TARGET_NAME)";
				SWIFT_EMIT_LOC_STRINGS = NO;
				SWIFT_VERSION = 5.0;
				TARGETED_DEVICE_FAMILY = "1,2";
				TEST_TARGET_NAME = TradingAppV4;
			};
			name = Debug;
		};
		9718B05C2CC53CAB0017BD4E /* Release */ = {
			isa = XCBuildConfiguration;
			buildSettings = {
				CODE_SIGN_STYLE = Automatic;
				CURRENT_PROJECT_VERSION = 1;
				DEVELOPMENT_TEAM = NMFJHYS23S;
				GENERATE_INFOPLIST_FILE = YES;
				MARKETING_VERSION = 1.0;
				PRODUCT_BUNDLE_IDENTIFIER = Allun.TradingAppV4UITests;
				PRODUCT_NAME = "$(TARGET_NAME)";
				SWIFT_EMIT_LOC_STRINGS = NO;
				SWIFT_VERSION = 5.0;
				TARGETED_DEVICE_FAMILY = "1,2";
				TEST_TARGET_NAME = TradingAppV4;
			};
			name = Release;
		};
/* End XCBuildConfiguration section */

/* Begin XCConfigurationList section */
		9718B0262CC53CA80017BD4E /* Build configuration list for PBXProject "TradingAppV4" */ = {
			isa = XCConfigurationList;
			buildConfigurations = (
				9718B0522CC53CAB0017BD4E /* Debug */,
				9718B0532CC53CAB0017BD4E /* Release */,
			);
			defaultConfigurationIsVisible = 0;
			defaultConfigurationName = Release;
		};
		9718B0542CC53CAB0017BD4E /* Build configuration list for PBXNativeTarget "TradingAppV4" */ = {
			isa = XCConfigurationList;
			buildConfigurations = (
				9718B0552CC53CAB0017BD4E /* Debug */,
				9718B0562CC53CAB0017BD4E /* Release */,
			);
			defaultConfigurationIsVisible = 0;
			defaultConfigurationName = Release;
		};
		9718B0572CC53CAB0017BD4E /* Build configuration list for PBXNativeTarget "TradingAppV4Tests" */ = {
			isa = XCConfigurationList;
			buildConfigurations = (
				9718B0582CC53CAB0017BD4E /* Debug */,
				9718B0592CC53CAB0017BD4E /* Release */,
			);
			defaultConfigurationIsVisible = 0;
			defaultConfigurationName = Release;
		};
		9718B05A2CC53CAB0017BD4E /* Build configuration list for PBXNativeTarget "TradingAppV4UITests" */ = {
			isa = XCConfigurationList;
			buildConfigurations = (
				9718B05B2CC53CAB0017BD4E /* Debug */,
				9718B05C2CC53CAB0017BD4E /* Release */,
			);
			defaultConfigurationIsVisible = 0;
			defaultConfigurationName = Release;
		};
/* End XCConfigurationList section */
	};
	rootObject = 9718B0232CC53CA80017BD4E /* Project object */;
}
